
Microsoft Visual Studio Solution File, Format Version 12.00
# Visual Studio 15
VisualStudioVersion = 15.0.26124.0
MinimumVisualStudioVersion = 15.0.26124.0
Project("{FAE04EC0-301F-11D3-BF4B-00C04F79EFBC}") = "LoliScriptCoreLib", "LoliScriptCoreLib\LoliScriptCoreLib.csproj", "{99114AAA-4825-4EE8-B0DC-14A3B9F8539E}"
EndProject
Project("{2150E333-8FDC-42A3-9474-1A3956D46DE8}") = "LoliScriptTests", "LoliScriptTests", "{EADF8F14-CD25-4B4C-AA15-971B30493395}"
EndProject
Project("{FAE04EC0-301F-11D3-BF4B-00C04F79EFBC}") = "LoliScriptCoreLib.Test", "LoliScriptTests\LoliScriptCoreLib.Test\LoliScriptCoreLib.Test.csproj", "{3DC2EDB7-3A56-4CE4-805F-7485FF767B04}"
EndProject
Global
	GlobalSection(SolutionConfigurationPlatforms) = preSolution
		Debug|Any CPU = Debug|Any CPU
		Debug|x64 = Debug|x64
		Debug|x86 = Debug|x86
		Release|Any CPU = Release|Any CPU
		Release|x64 = Release|x64
		Release|x86 = Release|x86
	EndGlobalSection
	GlobalSection(SolutionProperties) = preSolution
		HideSolutionNode = FALSE
	EndGlobalSection
	GlobalSection(ProjectConfigurationPlatforms) = postSolution
		{99114AAA-4825-4EE8-B0DC-14A3B9F8539E}.Debug|Any CPU.ActiveCfg = Debug|Any CPU
		{99114AAA-4825-4EE8-B0DC-14A3B9F8539E}.Debug|Any CPU.Build.0 = Debug|Any CPU
		{99114AAA-4825-4EE8-B0DC-14A3B9F8539E}.Debug|x64.ActiveCfg = Debug|Any CPU
		{99114AAA-4825-4EE8-B0DC-14A3B9F8539E}.Debug|x64.Build.0 = Debug|Any CPU
		{99114AAA-4825-4EE8-B0DC-14A3B9F8539E}.Debug|x86.ActiveCfg = Debug|Any CPU
		{99114AAA-4825-4EE8-B0DC-14A3B9F8539E}.Debug|x86.Build.0 = Debug|Any CPU
		{99114AAA-4825-4EE8-B0DC-14A3B9F8539E}.Release|Any CPU.ActiveCfg = Release|Any CPU
		{99114AAA-4825-4EE8-B0DC-14A3B9F8539E}.Release|Any CPU.Build.0 = Release|Any CPU
		{99114AAA-4825-4EE8-B0DC-14A3B9F8539E}.Release|x64.ActiveCfg = Release|Any CPU
		{99114AAA-4825-4EE8-B0DC-14A3B9F8539E}.Release|x64.Build.0 = Release|Any CPU
		{99114AAA-4825-4EE8-B0DC-14A3B9F8539E}.Release|x86.ActiveCfg = Release|Any CPU
		{99114AAA-4825-4EE8-B0DC-14A3B9F8539E}.Release|x86.Build.0 = Release|Any CPU
		{3DC2EDB7-3A56-4CE4-805F-7485FF767B04}.Debug|Any CPU.ActiveCfg = Debug|Any CPU
		{3DC2EDB7-3A56-4CE4-805F-7485FF767B04}.Debug|Any CPU.Build.0 = Debug|Any CPU
		{3DC2EDB7-3A56-4CE4-805F-7485FF767B04}.Debug|x64.ActiveCfg = Debug|Any CPU
		{3DC2EDB7-3A56-4CE4-805F-7485FF767B04}.Debug|x64.Build.0 = Debug|Any CPU
		{3DC2EDB7-3A56-4CE4-805F-7485FF767B04}.Debug|x86.ActiveCfg = Debug|Any CPU
		{3DC2EDB7-3A56-4CE4-805F-7485FF767B04}.Debug|x86.Build.0 = Debug|Any CPU
		{3DC2EDB7-3A56-4CE4-805F-7485FF767B04}.Release|Any CPU.ActiveCfg = Release|Any CPU
		{3DC2EDB7-3A56-4CE4-805F-7485FF767B04}.Release|Any CPU.Build.0 = Release|Any CPU
		{3DC2EDB7-3A56-4CE4-805F-7485FF767B04}.Release|x64.ActiveCfg = Release|Any CPU
		{3DC2EDB7-3A56-4CE4-805F-7485FF767B04}.Release|x64.Build.0 = Release|Any CPU
		{3DC2EDB7-3A56-4CE4-805F-7485FF767B04}.Release|x86.ActiveCfg = Release|Any CPU
		{3DC2EDB7-3A56-4CE4-805F-7485FF767B04}.Release|x86.Build.0 = Release|Any CPU
		{C8410E28-1B98-497F-AAC4-1D8DCCCC1A37}.Debug|Any CPU.ActiveCfg = Debug|Any CPU
		{C8410E28-1B98-497F-AAC4-1D8DCCCC1A37}.Debug|Any CPU.Build.0 = Debug|Any CPU
		{C8410E28-1B98-497F-AAC4-1D8DCCCC1A37}.Debug|x64.ActiveCfg = Debug|Any CPU
		{C8410E28-1B98-497F-AAC4-1D8DCCCC1A37}.Debug|x64.Build.0 = Debug|Any CPU
		{C8410E28-1B98-497F-AAC4-1D8DCCCC1A37}.Debug|x86.ActiveCfg = Debug|Any CPU
		{C8410E28-1B98-497F-AAC4-1D8DCCCC1A37}.Debug|x86.Build.0 = Debug|Any CPU
		{C8410E28-1B98-497F-AAC4-1D8DCCCC1A37}.Release|Any CPU.ActiveCfg = Release|Any CPU
		{C8410E28-1B98-497F-AAC4-1D8DCCCC1A37}.Release|Any CPU.Build.0 = Release|Any CPU
		{C8410E28-1B98-497F-AAC4-1D8DCCCC1A37}.Release|x64.ActiveCfg = Release|Any CPU
		{C8410E28-1B98-497F-AAC4-1D8DCCCC1A37}.Release|x64.Build.0 = Release|Any CPU
		{C8410E28-1B98-497F-AAC4-1D8DCCCC1A37}.Release|x86.ActiveCfg = Release|Any CPU
		{C8410E28-1B98-497F-AAC4-1D8DCCCC1A37}.Release|x86.Build.0 = Release|Any CPU
	EndGlobalSection
	GlobalSection(NestedProjects) = preSolution
		{3DC2EDB7-3A56-4CE4-805F-7485FF767B04} = {EADF8F14-CD25-4B4C-AA15-971B30493395}
	EndGlobalSection
EndGlobal
